// !$*UTF8*$!
{
	archiveVersion = 1;
	classes = {
	};
	objectVersion = 55;
	objects = {

/* Begin PBXBuildFile section */
		5E7E9FAF28379A74009C5092 /* MainViewPresentor.swift in Sources */ = {isa = PBXBuildFile; fileRef = 5E7E9FAE28379A74009C5092 /* MainViewPresentor.swift */; };
		5E7E9FB12837D14D009C5092 /* MainAssembly.swift in Sources */ = {isa = PBXBuildFile; fileRef = 5E7E9FB02837D14C009C5092 /* MainAssembly.swift */; };
		5E7E9FB42837DE80009C5092 /* DetailViewPresenter.swift in Sources */ = {isa = PBXBuildFile; fileRef = 5E7E9FB32837DE80009C5092 /* DetailViewPresenter.swift */; };
		5E90A1682817230900C3F6DF /* AppDelegate.swift in Sources */ = {isa = PBXBuildFile; fileRef = 5E90A1672817230900C3F6DF /* AppDelegate.swift */; };
		5E90A16A2817230900C3F6DF /* SceneDelegate.swift in Sources */ = {isa = PBXBuildFile; fileRef = 5E90A1692817230900C3F6DF /* SceneDelegate.swift */; };
		5E90A16C2817230900C3F6DF /* CaracterVC.swift in Sources */ = {isa = PBXBuildFile; fileRef = 5E90A16B2817230900C3F6DF /* CaracterVC.swift */; };
		5E90A16F2817230900C3F6DF /* Main.storyboard in Resources */ = {isa = PBXBuildFile; fileRef = 5E90A16D2817230900C3F6DF /* Main.storyboard */; };
		5E90A1712817230B00C3F6DF /* Assets.xcassets in Resources */ = {isa = PBXBuildFile; fileRef = 5E90A1702817230B00C3F6DF /* Assets.xcassets */; };
		5E90A1742817230B00C3F6DF /* LaunchScreen.storyboard in Resources */ = {isa = PBXBuildFile; fileRef = 5E90A1722817230B00C3F6DF /* LaunchScreen.storyboard */; };
		5EB7AB05282E560700D01476 /* AFTitleLabel.swift in Sources */ = {isa = PBXBuildFile; fileRef = 5EB7AB04282E560700D01476 /* AFTitleLabel.swift */; };
		5EB7AB0A282E569000D01476 /* MarvelHerousCells.swift in Sources */ = {isa = PBXBuildFile; fileRef = 5EB7AB09282E569000D01476 /* MarvelHerousCells.swift */; };
		5EB7AB0D282E579200D01476 /* Alamofire in Frameworks */ = {isa = PBXBuildFile; productRef = 5EB7AB0C282E579200D01476 /* Alamofire */; };
		5EB7AB11282E586600D01476 /* NetworkManager.swift in Sources */ = {isa = PBXBuildFile; fileRef = 5EB7AB10282E586600D01476 /* NetworkManager.swift */; };
		5EB7AB14282E5C0400D01476 /* URLConfiration.swift in Sources */ = {isa = PBXBuildFile; fileRef = 5EB7AB13282E5C0400D01476 /* URLConfiration.swift */; };
		5EB7AB16282E5C3D00D01476 /* String + CoreKit.swift in Sources */ = {isa = PBXBuildFile; fileRef = 5EB7AB15282E5C3D00D01476 /* String + CoreKit.swift */; };
		5EB7AB19282E5CB700D01476 /* CharactersModel.swift in Sources */ = {isa = PBXBuildFile; fileRef = 5EB7AB18282E5CB700D01476 /* CharactersModel.swift */; };
		5EB7AB1C282E672000D01476 /* AFErrors.swift in Sources */ = {isa = PBXBuildFile; fileRef = 5EB7AB1B282E672000D01476 /* AFErrors.swift */; };
		5EB7AB252830010500D01476 /* MagazineVC.swift in Sources */ = {isa = PBXBuildFile; fileRef = 5EB7AB242830010500D01476 /* MagazineVC.swift */; };
		5EB7AB2B2830028500D01476 /* MarvelMagazine.swift in Sources */ = {isa = PBXBuildFile; fileRef = 5EB7AB2A2830028500D01476 /* MarvelMagazine.swift */; };
		5EB7AB2D2830181900D01476 /* AFView.swift in Sources */ = {isa = PBXBuildFile; fileRef = 5EB7AB2C2830181800D01476 /* AFView.swift */; };
/* End PBXBuildFile section */

/* Begin PBXFileReference section */
		5E7E9FAE28379A74009C5092 /* MainViewPresentor.swift */ = {isa = PBXFileReference; lastKnownFileType = sourcecode.swift; path = MainViewPresentor.swift; sourceTree = "<group>"; };
		5E7E9FB02837D14C009C5092 /* MainAssembly.swift */ = {isa = PBXFileReference; lastKnownFileType = sourcecode.swift; path = MainAssembly.swift; sourceTree = "<group>"; };
		5E7E9FB32837DE80009C5092 /* DetailViewPresenter.swift */ = {isa = PBXFileReference; lastKnownFileType = sourcecode.swift; path = DetailViewPresenter.swift; sourceTree = "<group>"; };
		5E90A1642817230900C3F6DF /* TestAF.app */ = {isa = PBXFileReference; explicitFileType = wrapper.application; includeInIndex = 0; path = TestAF.app; sourceTree = BUILT_PRODUCTS_DIR; };
		5E90A1672817230900C3F6DF /* AppDelegate.swift */ = {isa = PBXFileReference; lastKnownFileType = sourcecode.swift; path = AppDelegate.swift; sourceTree = "<group>"; };
		5E90A1692817230900C3F6DF /* SceneDelegate.swift */ = {isa = PBXFileReference; lastKnownFileType = sourcecode.swift; path = SceneDelegate.swift; sourceTree = "<group>"; };
		5E90A16B2817230900C3F6DF /* CaracterVC.swift */ = {isa = PBXFileReference; lastKnownFileType = sourcecode.swift; path = CaracterVC.swift; sourceTree = "<group>"; };
		5E90A16E2817230900C3F6DF /* Base */ = {isa = PBXFileReference; lastKnownFileType = file.storyboard; name = Base; path = Base.lproj/Main.storyboard; sourceTree = "<group>"; };
		5E90A1702817230B00C3F6DF /* Assets.xcassets */ = {isa = PBXFileReference; lastKnownFileType = folder.assetcatalog; path = Assets.xcassets; sourceTree = "<group>"; };
		5E90A1732817230B00C3F6DF /* Base */ = {isa = PBXFileReference; lastKnownFileType = file.storyboard; name = Base; path = Base.lproj/LaunchScreen.storyboard; sourceTree = "<group>"; };
		5E90A1752817230B00C3F6DF /* Info.plist */ = {isa = PBXFileReference; lastKnownFileType = text.plist.xml; path = Info.plist; sourceTree = "<group>"; };
		5EB7AB04282E560700D01476 /* AFTitleLabel.swift */ = {isa = PBXFileReference; lastKnownFileType = sourcecode.swift; path = AFTitleLabel.swift; sourceTree = "<group>"; };
		5EB7AB09282E569000D01476 /* MarvelHerousCells.swift */ = {isa = PBXFileReference; lastKnownFileType = sourcecode.swift; path = MarvelHerousCells.swift; sourceTree = "<group>"; };
		5EB7AB10282E586600D01476 /* NetworkManager.swift */ = {isa = PBXFileReference; lastKnownFileType = sourcecode.swift; path = NetworkManager.swift; sourceTree = "<group>"; };
		5EB7AB13282E5C0400D01476 /* URLConfiration.swift */ = {isa = PBXFileReference; lastKnownFileType = sourcecode.swift; path = URLConfiration.swift; sourceTree = "<group>"; };
		5EB7AB15282E5C3D00D01476 /* String + CoreKit.swift */ = {isa = PBXFileReference; lastKnownFileType = sourcecode.swift; path = "String + CoreKit.swift"; sourceTree = "<group>"; };
		5EB7AB18282E5CB700D01476 /* CharactersModel.swift */ = {isa = PBXFileReference; lastKnownFileType = sourcecode.swift; path = CharactersModel.swift; sourceTree = "<group>"; };
		5EB7AB1B282E672000D01476 /* AFErrors.swift */ = {isa = PBXFileReference; lastKnownFileType = sourcecode.swift; path = AFErrors.swift; sourceTree = "<group>"; };
		5EB7AB242830010500D01476 /* MagazineVC.swift */ = {isa = PBXFileReference; lastKnownFileType = sourcecode.swift; path = MagazineVC.swift; sourceTree = "<group>"; };
		5EB7AB2A2830028500D01476 /* MarvelMagazine.swift */ = {isa = PBXFileReference; lastKnownFileType = sourcecode.swift; path = MarvelMagazine.swift; sourceTree = "<group>"; };
		5EB7AB2C2830181800D01476 /* AFView.swift */ = {isa = PBXFileReference; lastKnownFileType = sourcecode.swift; path = AFView.swift; sourceTree = "<group>"; };
/* End PBXFileReference section */

/* Begin PBXFrameworksBuildPhase section */
		5E90A1612817230900C3F6DF /* Frameworks */ = {
			isa = PBXFrameworksBuildPhase;
			buildActionMask = 2147483647;
			files = (
				5EB7AB0D282E579200D01476 /* Alamofire in Frameworks */,
			);
			runOnlyForDeploymentPostprocessing = 0;
		};
/* End PBXFrameworksBuildPhase section */

/* Begin PBXGroup section */
		5E7E9F8C2836BDF1009C5092 /* MainModule */ = {
			isa = PBXGroup;
			children = (
				5E7E9FB02837D14C009C5092 /* MainAssembly.swift */,
				5EB7AB12282E5BE900D01476 /* Model */,
				5E7E9FA82836FA21009C5092 /* MainView */,
				5E7E9F8F2836CF43009C5092 /* MainPresentor */,
			);
			path = MainModule;
			sourceTree = "<group>";
		};
		5E7E9F8F2836CF43009C5092 /* MainPresentor */ = {
			isa = PBXGroup;
			children = (
				5E7E9FAE28379A74009C5092 /* MainViewPresentor.swift */,
			);
			path = MainPresentor;
			sourceTree = "<group>";
		};
		5E7E9FA82836FA21009C5092 /* MainView */ = {
			isa = PBXGroup;
			children = (
				5EB7AB08282E565A00D01476 /* CastomUI */,
				5EB7AB06282E562800D01476 /* View */,
			);
			path = MainView;
			sourceTree = "<group>";
		};
		5E7E9FB22837D7E2009C5092 /* DetailModule */ = {
			isa = PBXGroup;
			children = (
				5EB7AB282830022900D01476 /* Views */,
				5EB7AB292830024E00D01476 /* Model */,
				5E7E9FB52837E1DF009C5092 /* Presenter */,
			);
			path = DetailModule;
			sourceTree = "<group>";
		};
		5E7E9FB52837E1DF009C5092 /* Presenter */ = {
			isa = PBXGroup;
			children = (
				5E7E9FB32837DE80009C5092 /* DetailViewPresenter.swift */,
			);
			path = Presenter;
			sourceTree = "<group>";
		};
		5E90A15B2817230900C3F6DF = {
			isa = PBXGroup;
			children = (
				5E90A1662817230900C3F6DF /* TestAF */,
				5E90A1652817230900C3F6DF /* Products */,
			);
			sourceTree = "<group>";
		};
		5E90A1652817230900C3F6DF /* Products */ = {
			isa = PBXGroup;
			children = (
				5E90A1642817230900C3F6DF /* TestAF.app */,
			);
			name = Products;
			sourceTree = "<group>";
		};
		5E90A1662817230900C3F6DF /* TestAF */ = {
			isa = PBXGroup;
			children = (
				5EB7AB302830217600D01476 /* Source */,
				5EB7AB2F2830210A00D01476 /* Resource */,
				5E90A1752817230B00C3F6DF /* Info.plist */,
			);
			path = TestAF;
			sourceTree = "<group>";
		};
		5EB7AB06282E562800D01476 /* View */ = {
			isa = PBXGroup;
			children = (
				5E90A16B2817230900C3F6DF /* CaracterVC.swift */,
				5EB7AB0E282E57B500D01476 /* Cell */,
			);
			path = View;
			sourceTree = "<group>";
		};
		5EB7AB08282E565A00D01476 /* CastomUI */ = {
			isa = PBXGroup;
			children = (
				5EB7AB04282E560700D01476 /* AFTitleLabel.swift */,
			);
			path = CastomUI;
			sourceTree = "<group>";
		};
		5EB7AB0E282E57B500D01476 /* Cell */ = {
			isa = PBXGroup;
			children = (
				5EB7AB09282E569000D01476 /* MarvelHerousCells.swift */,
			);
			path = Cell;
			sourceTree = "<group>";
		};
		5EB7AB12282E5BE900D01476 /* Model */ = {
			isa = PBXGroup;
			children = (
				5EB7AB18282E5CB700D01476 /* CharactersModel.swift */,
			);
			path = Model;
			sourceTree = "<group>";
		};
		5EB7AB17282E5C4600D01476 /* Extentions */ = {
			isa = PBXGroup;
			children = (
				5EB7AB15282E5C3D00D01476 /* String + CoreKit.swift */,
			);
			path = Extentions;
			sourceTree = "<group>";
		};
		5EB7AB1D282E741C00D01476 /* App */ = {
			isa = PBXGroup;
			children = (
				5E90A1672817230900C3F6DF /* AppDelegate.swift */,
				5E90A1692817230900C3F6DF /* SceneDelegate.swift */,
			);
			path = App;
			sourceTree = "<group>";
		};
		5EB7AB21282FFF7F00D01476 /* Manegers */ = {
			isa = PBXGroup;
			children = (
				5EB7AB10282E586600D01476 /* NetworkManager.swift */,
			);
			path = Manegers;
			sourceTree = "<group>";
		};
		5EB7AB22282FFF9000D01476 /* Untity */ = {
			isa = PBXGroup;
			children = (
				5EB7AB13282E5C0400D01476 /* URLConfiration.swift */,
				5EB7AB1B282E672000D01476 /* AFErrors.swift */,
			);
			path = Untity;
			sourceTree = "<group>";
		};
		5EB7AB26283001F500D01476 /* Controller */ = {
			isa = PBXGroup;
			children = (
				5EB7AB2C2830181800D01476 /* AFView.swift */,
			);
			path = Controller;
			sourceTree = "<group>";
		};
		5EB7AB282830022900D01476 /* Views */ = {
			isa = PBXGroup;
			children = (
				5EB7AB242830010500D01476 /* MagazineVC.swift */,
				5EB7AB26283001F500D01476 /* Controller */,
			);
			path = Views;
			sourceTree = "<group>";
		};
		5EB7AB292830024E00D01476 /* Model */ = {
			isa = PBXGroup;
			children = (
				5EB7AB2A2830028500D01476 /* MarvelMagazine.swift */,
			);
			path = Model;
			sourceTree = "<group>";
		};
		5EB7AB2E283020F900D01476 /* Storyboards */ = {
			isa = PBXGroup;
			children = (
				5E90A16D2817230900C3F6DF /* Main.storyboard */,
				5E90A1722817230B00C3F6DF /* LaunchScreen.storyboard */,
			);
			path = Storyboards;
			sourceTree = "<group>";
		};
		5EB7AB2F2830210A00D01476 /* Resource */ = {
			isa = PBXGroup;
			children = (
				5E90A1702817230B00C3F6DF /* Assets.xcassets */,
				5EB7AB2E283020F900D01476 /* Storyboards */,
			);
			path = Resource;
			sourceTree = "<group>";
		};
		5EB7AB302830217600D01476 /* Source */ = {
			isa = PBXGroup;
			children = (
				5EB7AB22282FFF9000D01476 /* Untity */,
				5EB7AB1D282E741C00D01476 /* App */,
				5EB7AB17282E5C4600D01476 /* Extentions */,
				5EB7AB21282FFF7F00D01476 /* Manegers */,
				5E7E9F8C2836BDF1009C5092 /* MainModule */,
				5E7E9FB22837D7E2009C5092 /* DetailModule */,
			);
			path = Source;
			sourceTree = "<group>";
		};
/* End PBXGroup section */

/* Begin PBXNativeTarget section */
		5E90A1632817230900C3F6DF /* TestAF */ = {
			isa = PBXNativeTarget;
			buildConfigurationList = 5E90A1782817230B00C3F6DF /* Build configuration list for PBXNativeTarget "TestAF" */;
			buildPhases = (
				5E90A1602817230900C3F6DF /* Sources */,
				5E90A1612817230900C3F6DF /* Frameworks */,
				5E90A1622817230900C3F6DF /* Resources */,
			);
			buildRules = (
			);
			dependencies = (
			);
			name = TestAF;
			packageProductDependencies = (
				5EB7AB0C282E579200D01476 /* Alamofire */,
			);
			productName = TestAF;
			productReference = 5E90A1642817230900C3F6DF /* TestAF.app */;
			productType = "com.apple.product-type.application";
		};
/* End PBXNativeTarget section */

/* Begin PBXProject section */
		5E90A15C2817230900C3F6DF /* Project object */ = {
			isa = PBXProject;
			attributes = {
				BuildIndependentTargetsInParallel = 1;
				LastSwiftUpdateCheck = 1320;
				LastUpgradeCheck = 1320;
				TargetAttributes = {
					5E90A1632817230900C3F6DF = {
						CreatedOnToolsVersion = 13.2.1;
					};
				};
			};
			buildConfigurationList = 5E90A15F2817230900C3F6DF /* Build configuration list for PBXProject "TestAF" */;
			compatibilityVersion = "Xcode 13.0";
			developmentRegion = en;
			hasScannedForEncodings = 0;
			knownRegions = (
				en,
				Base,
			);
			mainGroup = 5E90A15B2817230900C3F6DF;
			packageReferences = (
				5EB7AB0B282E579200D01476 /* XCRemoteSwiftPackageReference "Alamofire" */,
			);
			productRefGroup = 5E90A1652817230900C3F6DF /* Products */;
			projectDirPath = "";
			projectRoot = "";
			targets = (
				5E90A1632817230900C3F6DF /* TestAF */,
			);
		};
/* End PBXProject section */

/* Begin PBXResourcesBuildPhase section */
		5E90A1622817230900C3F6DF /* Resources */ = {
			isa = PBXResourcesBuildPhase;
			buildActionMask = 2147483647;
			files = (
				5E90A1742817230B00C3F6DF /* LaunchScreen.storyboard in Resources */,
				5E90A1712817230B00C3F6DF /* Assets.xcassets in Resources */,
				5E90A16F2817230900C3F6DF /* Main.storyboard in Resources */,
			);
			runOnlyForDeploymentPostprocessing = 0;
		};
/* End PBXResourcesBuildPhase section */

/* Begin PBXSourcesBuildPhase section */
		5E90A1602817230900C3F6DF /* Sources */ = {
			isa = PBXSourcesBuildPhase;
			buildActionMask = 2147483647;
			files = (
				5EB7AB05282E560700D01476 /* AFTitleLabel.swift in Sources */,
				5EB7AB16282E5C3D00D01476 /* String + CoreKit.swift in Sources */,
				5E7E9FAF28379A74009C5092 /* MainViewPresentor.swift in Sources */,
				5E90A16C2817230900C3F6DF /* CaracterVC.swift in Sources */,
				5EB7AB2D2830181900D01476 /* AFView.swift in Sources */,
				5EB7AB252830010500D01476 /* MagazineVC.swift in Sources */,
				5EB7AB11282E586600D01476 /* NetworkManager.swift in Sources */,
				5EB7AB19282E5CB700D01476 /* CharactersModel.swift in Sources */,
				5EB7AB14282E5C0400D01476 /* URLConfiration.swift in Sources */,
				5EB7AB0A282E569000D01476 /* MarvelHerousCells.swift in Sources */,
				5E7E9FB42837DE80009C5092 /* DetailViewPresenter.swift in Sources */,
				5E7E9FB12837D14D009C5092 /* MainAssembly.swift in Sources */,
				5E90A1682817230900C3F6DF /* AppDelegate.swift in Sources */,
				5E90A16A2817230900C3F6DF /* SceneDelegate.swift in Sources */,
				5EB7AB2B2830028500D01476 /* MarvelMagazine.swift in Sources */,
				5EB7AB1C282E672000D01476 /* AFErrors.swift in Sources */,
			);
			runOnlyForDeploymentPostprocessing = 0;
		};
/* End PBXSourcesBuildPhase section */

/* Begin PBXVariantGroup section */
		5E90A16D2817230900C3F6DF /* Main.storyboard */ = {
			isa = PBXVariantGroup;
			children = (
				5E90A16E2817230900C3F6DF /* Base */,
			);
			name = Main.storyboard;
			sourceTree = "<group>";
		};
		5E90A1722817230B00C3F6DF /* LaunchScreen.storyboard */ = {
			isa = PBXVariantGroup;
			children = (
				5E90A1732817230B00C3F6DF /* Base */,
			);
			name = LaunchScreen.storyboard;
			sourceTree = "<group>";
		};
/* End PBXVariantGroup section */

/* Begin XCBuildConfiguration section */
		5E90A1762817230B00C3F6DF /* Debug */ = {
			isa = XCBuildConfiguration;
			buildSettings = {
				ALWAYS_SEARCH_USER_PATHS = NO;
				CLANG_ANALYZER_NONNULL = YES;
				CLANG_ANALYZER_NUMBER_OBJECT_CONVERSION = YES_AGGRESSIVE;
				CLANG_CXX_LANGUAGE_STANDARD = "gnu++17";
				CLANG_CXX_LIBRARY = "libc++";
				CLANG_ENABLE_MODULES = YES;
				CLANG_ENABLE_OBJC_ARC = YES;
				CLANG_ENABLE_OBJC_WEAK = YES;
				CLANG_WARN_BLOCK_CAPTURE_AUTORELEASING = YES;
				CLANG_WARN_BOOL_CONVERSION = YES;
				CLANG_WARN_COMMA = YES;
				CLANG_WARN_CONSTANT_CONVERSION = YES;
				CLANG_WARN_DEPRECATED_OBJC_IMPLEMENTATIONS = YES;
				CLANG_WARN_DIRECT_OBJC_ISA_USAGE = YES_ERROR;
				CLANG_WARN_DOCUMENTATION_COMMENTS = YES;
				CLANG_WARN_EMPTY_BODY = YES;
				CLANG_WARN_ENUM_CONVERSION = YES;
				CLANG_WARN_INFINITE_RECURSION = YES;
				CLANG_WARN_INT_CONVERSION = YES;
				CLANG_WARN_NON_LITERAL_NULL_CONVERSION = YES;
				CLANG_WARN_OBJC_IMPLICIT_RETAIN_SELF = YES;
				CLANG_WARN_OBJC_LITERAL_CONVERSION = YES;
				CLANG_WARN_OBJC_ROOT_CLASS = YES_ERROR;
				CLANG_WARN_QUOTED_INCLUDE_IN_FRAMEWORK_HEADER = YES;
				CLANG_WARN_RANGE_LOOP_ANALYSIS = YES;
				CLANG_WARN_STRICT_PROTOTYPES = YES;
				CLANG_WARN_SUSPICIOUS_MOVE = YES;
				CLANG_WARN_UNGUARDED_AVAILABILITY = YES_AGGRESSIVE;
				CLANG_WARN_UNREACHABLE_CODE = YES;
				CLANG_WARN__DUPLICATE_METHOD_MATCH = YES;
				COPY_PHASE_STRIP = NO;
				DEBUG_INFORMATION_FORMAT = dwarf;
				ENABLE_STRICT_OBJC_MSGSEND = YES;
				ENABLE_TESTABILITY = YES;
				GCC_C_LANGUAGE_STANDARD = gnu11;
				GCC_DYNAMIC_NO_PIC = NO;
				GCC_NO_COMMON_BLOCKS = YES;
				GCC_OPTIMIZATION_LEVEL = 0;
				GCC_PREPROCESSOR_DEFINITIONS = (
					"DEBUG=1",
					"$(inherited)",
				);
				GCC_WARN_64_TO_32_BIT_CONVERSION = YES;
				GCC_WARN_ABOUT_RETURN_TYPE = YES_ERROR;
				GCC_WARN_UNDECLARED_SELECTOR = YES;
				GCC_WARN_UNINITIALIZED_AUTOS = YES_AGGRESSIVE;
				GCC_WARN_UNUSED_FUNCTION = YES;
				GCC_WARN_UNUSED_VARIABLE = YES;
				IPHONEOS_DEPLOYMENT_TARGET = 15.2;
				MTL_ENABLE_DEBUG_INFO = INCLUDE_SOURCE;
				MTL_FAST_MATH = YES;
				ONLY_ACTIVE_ARCH = YES;
				SDKROOT = iphoneos;
				SWIFT_ACTIVE_COMPILATION_CONDITIONS = DEBUG;
				SWIFT_OPTIMIZATION_LEVEL = "-Onone";
			};
			name = Debug;
		};
		5E90A1772817230B00C3F6DF /* Release */ = {
			isa = XCBuildConfiguration;
			buildSettings = {
				ALWAYS_SEARCH_USER_PATHS = NO;
				CLANG_ANALYZER_NONNULL = YES;
				CLANG_ANALYZER_NUMBER_OBJECT_CONVERSION = YES_AGGRESSIVE;
				CLANG_CXX_LANGUAGE_STANDARD = "gnu++17";
				CLANG_CXX_LIBRARY = "libc++";
				CLANG_ENABLE_MODULES = YES;
				CLANG_ENABLE_OBJC_ARC = YES;
				CLANG_ENABLE_OBJC_WEAK = YES;
				CLANG_WARN_BLOCK_CAPTURE_AUTORELEASING = YES;
				CLANG_WARN_BOOL_CONVERSION = YES;
				CLANG_WARN_COMMA = YES;
				CLANG_WARN_CONSTANT_CONVERSION = YES;
				CLANG_WARN_DEPRECATED_OBJC_IMPLEMENTATIONS = YES;
				CLANG_WARN_DIRECT_OBJC_ISA_USAGE = YES_ERROR;
				CLANG_WARN_DOCUMENTATION_COMMENTS = YES;
				CLANG_WARN_EMPTY_BODY = YES;
				CLANG_WARN_ENUM_CONVERSION = YES;
				CLANG_WARN_INFINITE_RECURSION = YES;
				CLANG_WARN_INT_CONVERSION = YES;
				CLANG_WARN_NON_LITERAL_NULL_CONVERSION = YES;
				CLANG_WARN_OBJC_IMPLICIT_RETAIN_SELF = YES;
				CLANG_WARN_OBJC_LITERAL_CONVERSION = YES;
				CLANG_WARN_OBJC_ROOT_CLASS = YES_ERROR;
				CLANG_WARN_QUOTED_INCLUDE_IN_FRAMEWORK_HEADER = YES;
				CLANG_WARN_RANGE_LOOP_ANALYSIS = YES;
				CLANG_WARN_STRICT_PROTOTYPES = YES;
				CLANG_WARN_SUSPICIOUS_MOVE = YES;
				CLANG_WARN_UNGUARDED_AVAILABILITY = YES_AGGRESSIVE;
				CLANG_WARN_UNREACHABLE_CODE = YES;
				CLANG_WARN__DUPLICATE_METHOD_MATCH = YES;
				COPY_PHASE_STRIP = NO;
				DEBUG_INFORMATION_FORMAT = "dwarf-with-dsym";
				ENABLE_NS_ASSERTIONS = NO;
				ENABLE_STRICT_OBJC_MSGSEND = YES;
				GCC_C_LANGUAGE_STANDARD = gnu11;
				GCC_NO_COMMON_BLOCKS = YES;
				GCC_WARN_64_TO_32_BIT_CONVERSION = YES;
				GCC_WARN_ABOUT_RETURN_TYPE = YES_ERROR;
				GCC_WARN_UNDECLARED_SELECTOR = YES;
				GCC_WARN_UNINITIALIZED_AUTOS = YES_AGGRESSIVE;
				GCC_WARN_UNUSED_FUNCTION = YES;
				GCC_WARN_UNUSED_VARIABLE = YES;
				IPHONEOS_DEPLOYMENT_TARGET = 15.2;
				MTL_ENABLE_DEBUG_INFO = NO;
				MTL_FAST_MATH = YES;
				SDKROOT = iphoneos;
				SWIFT_COMPILATION_MODE = wholemodule;
				SWIFT_OPTIMIZATION_LEVEL = "-O";
				VALIDATE_PRODUCT = YES;
			};
			name = Release;
		};
		5E90A1792817230B00C3F6DF /* Debug */ = {
			isa = XCBuildConfiguration;
			buildSettings = {
				ASSETCATALOG_COMPILER_APPICON_NAME = AppIcon;
				ASSETCATALOG_COMPILER_GLOBAL_ACCENT_COLOR_NAME = AccentColor;
				CODE_SIGN_STYLE = Automatic;
				CURRENT_PROJECT_VERSION = 1;
				DEVELOPMENT_TEAM = FZRDJVUSU4;
				GENERATE_INFOPLIST_FILE = YES;
				INFOPLIST_FILE = TestAF/Info.plist;
				INFOPLIST_KEY_UIApplicationSupportsIndirectInputEvents = YES;
				INFOPLIST_KEY_UILaunchStoryboardName = LaunchScreen;
				INFOPLIST_KEY_UISupportedInterfaceOrientations_iPad = "UIInterfaceOrientationPortrait UIInterfaceOrientationPortraitUpsideDown UIInterfaceOrientationLandscapeLeft UIInterfaceOrientationLandscapeRight";
				INFOPLIST_KEY_UISupportedInterfaceOrientations_iPhone = "UIInterfaceOrientationPortrait UIInterfaceOrientationLandscapeLeft UIInterfaceOrientationLandscapeRight";
				IPHONEOS_DEPLOYMENT_TARGET = 14.0;
				LD_RUNPATH_SEARCH_PATHS = (
					"$(inherited)",
					"@executable_path/Frameworks",
				);
				MARKETING_VERSION = 1.0;
				PRODUCT_BUNDLE_IDENTIFIER = evgenyganusenko.TestAF;
				PRODUCT_NAME = "$(TARGET_NAME)";
				SWIFT_EMIT_LOC_STRINGS = YES;
				SWIFT_VERSION = 5.0;
				TARGETED_DEVICE_FAMILY = 1;
			};
			name = Debug;
		};
		5E90A17A2817230B00C3F6DF /* Release */ = {
			isa = XCBuildConfiguration;
			buildSettings = {
				ASSETCATALOG_COMPILER_APPICON_NAME = AppIcon;
				ASSETCATALOG_COMPILER_GLOBAL_ACCENT_COLOR_NAME = AccentColor;
				CODE_SIGN_STYLE = Automatic;
				CURRENT_PROJECT_VERSION = 1;
				DEVELOPMENT_TEAM = FZRDJVUSU4;
				GENERATE_INFOPLIST_FILE = YES;
				INFOPLIST_FILE = TestAF/Info.plist;
				INFOPLIST_KEY_UIApplicationSupportsIndirectInputEvents = YES;
				INFOPLIST_KEY_UILaunchStoryboardName = LaunchScreen;
				INFOPLIST_KEY_UISupportedInterfaceOrientations_iPad = "UIInterfaceOrientationPortrait UIInterfaceOrientationPortraitUpsideDown UIInterfaceOrientationLandscapeLeft UIInterfaceOrientationLandscapeRight";
				INFOPLIST_KEY_UISupportedInterfaceOrientations_iPhone = "UIInterfaceOrientationPortrait UIInterfaceOrientationLandscapeLeft UIInterfaceOrientationLandscapeRight";
				IPHONEOS_DEPLOYMENT_TARGET = 14.0;
				LD_RUNPATH_SEARCH_PATHS = (
					"$(inherited)",
					"@executable_path/Frameworks",
				);
				MARKETING_VERSION = 1.0;
				PRODUCT_BUNDLE_IDENTIFIER = evgenyganusenko.TestAF;
				PRODUCT_NAME = "$(TARGET_NAME)";
				SWIFT_EMIT_LOC_STRINGS = YES;
				SWIFT_VERSION = 5.0;
				TARGETED_DEVICE_FAMILY = 1;
			};
			name = Release;
		};
/* End XCBuildConfiguration section */

/* Begin XCConfigurationList section */
		5E90A15F2817230900C3F6DF /* Build configuration list for PBXProject "TestAF" */ = {
			isa = XCConfigurationList;
			buildConfigurations = (
				5E90A1762817230B00C3F6DF /* Debug */,
				5E90A1772817230B00C3F6DF /* Release */,
			);
			defaultConfigurationIsVisible = 0;
			defaultConfigurationName = Release;
		};
		5E90A1782817230B00C3F6DF /* Build configuration list for PBXNativeTarget "TestAF" */ = {
			isa = XCConfigurationList;
			buildConfigurations = (
				5E90A1792817230B00C3F6DF /* Debug */,
				5E90A17A2817230B00C3F6DF /* Release */,
			);
			defaultConfigurationIsVisible = 0;
			defaultConfigurationName = Release;
		};
/* End XCConfigurationList section */

/* Begin XCRemoteSwiftPackageReference section */
		5EB7AB0B282E579200D01476 /* XCRemoteSwiftPackageReference "Alamofire" */ = {
			isa = XCRemoteSwiftPackageReference;
			repositoryURL = "https://github.com/Alamofire/Alamofire.git";
			requirement = {
				branch = master;
				kind = branch;
			};
		};
/* End XCRemoteSwiftPackageReference section */

/* Begin XCSwiftPackageProductDependency section */
		5EB7AB0C282E579200D01476 /* Alamofire */ = {
			isa = XCSwiftPackageProductDependency;
			package = 5EB7AB0B282E579200D01476 /* XCRemoteSwiftPackageReference "Alamofire" */;
			productName = Alamofire;
		};
/* End XCSwiftPackageProductDependency section */
	};
	rootObject = 5E90A15C2817230900C3F6DF /* Project object */;
}
